{
  "version": "3",
  "packages": {
    "specifiers": {
      "jsr:@luca/esbuild-deno-loader@0.9.0": "jsr:@luca/esbuild-deno-loader@0.9.0",
      "jsr:@std/assert@^0.213.1": "jsr:@std/assert@0.213.1",
      "jsr:@std/encoding@0.213": "jsr:@std/encoding@0.213.1",
      "jsr:@std/jsonc@0.213": "jsr:@std/jsonc@0.213.1",
      "jsr:@std/path@0.213": "jsr:@std/path@0.213.1",
      "npm:@fluentui/web-components@2.5.17": "npm:@fluentui/web-components@2.5.17",
      "npm:@ngrok/ngrok@1.2.0": "npm:@ngrok/ngrok@1.2.0",
      "npm:esbuild@0.20": "npm:esbuild@0.20.1",
      "npm:lit@3.1.2": "npm:lit@3.1.2"
    },
    "jsr": {
      "@luca/esbuild-deno-loader@0.9.0": {
        "integrity": "288bbcede5c8a6f97e635f8fa4df779b13440ee0c0506d9e478fb6537789dc93",
        "dependencies": [
          "jsr:@std/encoding@0.213",
          "jsr:@std/jsonc@0.213",
          "jsr:@std/path@0.213",
          "npm:esbuild@0.20"
        ]
      },
      "@std/assert@0.213.1": {
        "integrity": "24c28178b30c8e0782c18e8e94ea72b16282207569cdd10ffb9d1d26f2edebfe"
      },
      "@std/encoding@0.213.1": {
        "integrity": "fcbb6928713dde941a18ca5db88ca1544d0755ec8fb20fe61e2dc8144b390c62"
      },
      "@std/jsonc@0.213.1": {
        "integrity": "5578f21aa583b7eb7317eed077ffcde47b294f1056bdbb9aacec407758637bfe",
        "dependencies": [
          "jsr:@std/assert@^0.213.1"
        ]
      },
      "@std/path@0.213.1": {
        "integrity": "f187bf278a172752e02fcbacf6bd78a335ed320d080a7ed3a5a59c3e88abc673",
        "dependencies": [
          "jsr:@std/assert@^0.213.1"
        ]
      }
    },
    "npm": {
      "@esbuild/aix-ppc64@0.20.1": {
        "integrity": "sha512-m55cpeupQ2DbuRGQMMZDzbv9J9PgVelPjlcmM5kxHnrBdBx6REaEd7LamYV7Dm8N7rCyR/XwU6rVP8ploKtIkA==",
        "dependencies": {}
      },
      "@esbuild/android-arm64@0.20.1": {
        "integrity": "sha512-hCnXNF0HM6AjowP+Zou0ZJMWWa1VkD77BXe959zERgGJBBxB+sV+J9f/rcjeg2c5bsukD/n17RKWXGFCO5dD5A==",
        "dependencies": {}
      },
      "@esbuild/android-arm@0.20.1": {
        "integrity": "sha512-4j0+G27/2ZXGWR5okcJi7pQYhmkVgb4D7UKwxcqrjhvp5TKWx3cUjgB1CGj1mfdmJBQ9VnUGgUhign+FPF2Zgw==",
        "dependencies": {}
      },
      "@esbuild/android-x64@0.20.1": {
        "integrity": "sha512-MSfZMBoAsnhpS+2yMFYIQUPs8Z19ajwfuaSZx+tSl09xrHZCjbeXXMsUF/0oq7ojxYEpsSo4c0SfjxOYXRbpaA==",
        "dependencies": {}
      },
      "@esbuild/darwin-arm64@0.20.1": {
        "integrity": "sha512-Ylk6rzgMD8klUklGPzS414UQLa5NPXZD5tf8JmQU8GQrj6BrFA/Ic9tb2zRe1kOZyCbGl+e8VMbDRazCEBqPvA==",
        "dependencies": {}
      },
      "@esbuild/darwin-x64@0.20.1": {
        "integrity": "sha512-pFIfj7U2w5sMp52wTY1XVOdoxw+GDwy9FsK3OFz4BpMAjvZVs0dT1VXs8aQm22nhwoIWUmIRaE+4xow8xfIDZA==",
        "dependencies": {}
      },
      "@esbuild/freebsd-arm64@0.20.1": {
        "integrity": "sha512-UyW1WZvHDuM4xDz0jWun4qtQFauNdXjXOtIy7SYdf7pbxSWWVlqhnR/T2TpX6LX5NI62spt0a3ldIIEkPM6RHw==",
        "dependencies": {}
      },
      "@esbuild/freebsd-x64@0.20.1": {
        "integrity": "sha512-itPwCw5C+Jh/c624vcDd9kRCCZVpzpQn8dtwoYIt2TJF3S9xJLiRohnnNrKwREvcZYx0n8sCSbvGH349XkcQeg==",
        "dependencies": {}
      },
      "@esbuild/linux-arm64@0.20.1": {
        "integrity": "sha512-cX8WdlF6Cnvw/DO9/X7XLH2J6CkBnz7Twjpk56cshk9sjYVcuh4sXQBy5bmTwzBjNVZze2yaV1vtcJS04LbN8w==",
        "dependencies": {}
      },
      "@esbuild/linux-arm@0.20.1": {
        "integrity": "sha512-LojC28v3+IhIbfQ+Vu4Ut5n3wKcgTu6POKIHN9Wpt0HnfgUGlBuyDDQR4jWZUZFyYLiz4RBBBmfU6sNfn6RhLw==",
        "dependencies": {}
      },
      "@esbuild/linux-ia32@0.20.1": {
        "integrity": "sha512-4H/sQCy1mnnGkUt/xszaLlYJVTz3W9ep52xEefGtd6yXDQbz/5fZE5dFLUgsPdbUOQANcVUa5iO6g3nyy5BJiw==",
        "dependencies": {}
      },
      "@esbuild/linux-loong64@0.20.1": {
        "integrity": "sha512-c0jgtB+sRHCciVXlyjDcWb2FUuzlGVRwGXgI+3WqKOIuoo8AmZAddzeOHeYLtD+dmtHw3B4Xo9wAUdjlfW5yYA==",
        "dependencies": {}
      },
      "@esbuild/linux-mips64el@0.20.1": {
        "integrity": "sha512-TgFyCfIxSujyuqdZKDZ3yTwWiGv+KnlOeXXitCQ+trDODJ+ZtGOzLkSWngynP0HZnTsDyBbPy7GWVXWaEl6lhA==",
        "dependencies": {}
      },
      "@esbuild/linux-ppc64@0.20.1": {
        "integrity": "sha512-b+yuD1IUeL+Y93PmFZDZFIElwbmFfIKLKlYI8M6tRyzE6u7oEP7onGk0vZRh8wfVGC2dZoy0EqX1V8qok4qHaw==",
        "dependencies": {}
      },
      "@esbuild/linux-riscv64@0.20.1": {
        "integrity": "sha512-wpDlpE0oRKZwX+GfomcALcouqjjV8MIX8DyTrxfyCfXxoKQSDm45CZr9fanJ4F6ckD4yDEPT98SrjvLwIqUCgg==",
        "dependencies": {}
      },
      "@esbuild/linux-s390x@0.20.1": {
        "integrity": "sha512-5BepC2Au80EohQ2dBpyTquqGCES7++p7G+7lXe1bAIvMdXm4YYcEfZtQrP4gaoZ96Wv1Ute61CEHFU7h4FMueQ==",
        "dependencies": {}
      },
      "@esbuild/linux-x64@0.20.1": {
        "integrity": "sha512-5gRPk7pKuaIB+tmH+yKd2aQTRpqlf1E4f/mC+tawIm/CGJemZcHZpp2ic8oD83nKgUPMEd0fNanrnFljiruuyA==",
        "dependencies": {}
      },
      "@esbuild/netbsd-x64@0.20.1": {
        "integrity": "sha512-4fL68JdrLV2nVW2AaWZBv3XEm3Ae3NZn/7qy2KGAt3dexAgSVT+Hc97JKSZnqezgMlv9x6KV0ZkZY7UO5cNLCg==",
        "dependencies": {}
      },
      "@esbuild/openbsd-x64@0.20.1": {
        "integrity": "sha512-GhRuXlvRE+twf2ES+8REbeCb/zeikNqwD3+6S5y5/x+DYbAQUNl0HNBs4RQJqrechS4v4MruEr8ZtAin/hK5iw==",
        "dependencies": {}
      },
      "@esbuild/sunos-x64@0.20.1": {
        "integrity": "sha512-ZnWEyCM0G1Ex6JtsygvC3KUUrlDXqOihw8RicRuQAzw+c4f1D66YlPNNV3rkjVW90zXVsHwZYWbJh3v+oQFM9Q==",
        "dependencies": {}
      },
      "@esbuild/win32-arm64@0.20.1": {
        "integrity": "sha512-QZ6gXue0vVQY2Oon9WyLFCdSuYbXSoxaZrPuJ4c20j6ICedfsDilNPYfHLlMH7vGfU5DQR0czHLmJvH4Nzis/A==",
        "dependencies": {}
      },
      "@esbuild/win32-ia32@0.20.1": {
        "integrity": "sha512-HzcJa1NcSWTAU0MJIxOho8JftNp9YALui3o+Ny7hCh0v5f90nprly1U3Sj1Ldj/CvKKdvvFsCRvDkpsEMp4DNw==",
        "dependencies": {}
      },
      "@esbuild/win32-x64@0.20.1": {
        "integrity": "sha512-0MBh53o6XtI6ctDnRMeQ+xoCN8kD2qI1rY1KgF/xdWQwoFeKou7puvDfV8/Wv4Ctx2rRpET/gGdz3YlNtNACSA==",
        "dependencies": {}
      },
      "@fluentui/web-components@2.5.17": {
        "integrity": "sha512-EUIgePoUK02eGft898wI4C7rJp4dQG4vzRG+cZc+a+FZeL1fjne6qb9F9RjUf7PxBt5B/w0MWoXA7tzcKo1gKw==",
        "dependencies": {
          "@microsoft/fast-colors": "@microsoft/fast-colors@5.3.1",
          "@microsoft/fast-element": "@microsoft/fast-element@1.12.0",
          "@microsoft/fast-foundation": "@microsoft/fast-foundation@2.49.5",
          "@microsoft/fast-web-utilities": "@microsoft/fast-web-utilities@5.4.1",
          "tslib": "tslib@2.6.2"
        }
      },
      "@lit-labs/ssr-dom-shim@1.2.0": {
        "integrity": "sha512-yWJKmpGE6lUURKAaIltoPIE/wrbY3TEkqQt+X0m+7fQNnAv0keydnYvbiJFP1PnMhizmIWRWOG5KLhYyc/xl+g==",
        "dependencies": {}
      },
      "@lit/reactive-element@2.0.4": {
        "integrity": "sha512-GFn91inaUa2oHLak8awSIigYz0cU0Payr1rcFsrkf5OJ5eSPxElyZfKh0f2p9FsTiZWXQdWGJeXZICEfXXYSXQ==",
        "dependencies": {
          "@lit-labs/ssr-dom-shim": "@lit-labs/ssr-dom-shim@1.2.0"
        }
      },
      "@microsoft/fast-colors@5.3.1": {
        "integrity": "sha512-72RZXVfCbwQzvo5sXXkuLXLT7rMeYaSf5r/6ewQiv/trBtqpWRm4DEH2EilHw/iWTBKOXs1qZNQndgUMa5n4LA==",
        "dependencies": {}
      },
      "@microsoft/fast-element@1.12.0": {
        "integrity": "sha512-gQutuDHPKNxUEcQ4pypZT4Wmrbapus+P9s3bR/SEOLsMbNqNoXigGImITygI5zhb+aA5rzflM6O8YWkmRbGkPA==",
        "dependencies": {}
      },
      "@microsoft/fast-foundation@2.49.5": {
        "integrity": "sha512-3PpG1BNmZ5kUM1goYU3SsxjsM2H7Rk0ZmpDJ7mnRhWDgKiM5SzJ02KvALRUqDrJQoeDnkW0Q2Q+r9SkEd68Gpg==",
        "dependencies": {
          "@microsoft/fast-element": "@microsoft/fast-element@1.12.0",
          "@microsoft/fast-web-utilities": "@microsoft/fast-web-utilities@5.4.1",
          "tabbable": "tabbable@5.3.3",
          "tslib": "tslib@1.14.1"
        }
      },
      "@microsoft/fast-web-utilities@5.4.1": {
        "integrity": "sha512-ReWYncndjV3c8D8iq9tp7NcFNc1vbVHvcBFPME2nNFKNbS1XCesYZGlIlf3ot5EmuOXPlrzUHOWzQ2vFpIkqDg==",
        "dependencies": {
          "exenv-es6": "exenv-es6@1.1.1"
        }
      },
      "@ngrok/ngrok-android-arm-eabi@1.2.0": {
        "integrity": "sha512-eGSZ443VQDfLLCef7E2GDX8oRYp+Fahr7nGeNY7nHu6bMEiYA92VpFOlpO9iF6HsyK/94NJiN3CbLJ7aMUHmJA==",
        "dependencies": {}
      },
      "@ngrok/ngrok-android-arm64@1.2.0": {
        "integrity": "sha512-nwGcgK4OkFKNxEVu4Q4R8LR15OUvfESJIQ3gS5frMwa0r/FdHKNc5rmUfGSFhGGg+4ttiTzlEKMHW2tEp12FYQ==",
        "dependencies": {}
      },
      "@ngrok/ngrok-darwin-arm64@1.2.0": {
        "integrity": "sha512-Df0U42wYty4UnYB9Bm+bo3akIVe0lOX/ejDSCrPABK0Cf65184ZcqUu9kBabXQRag5rTq4uG7TzCGhaMXV44RQ==",
        "dependencies": {}
      },
      "@ngrok/ngrok-darwin-universal@1.2.0": {
        "integrity": "sha512-z5srpqZjQKomLBsY/b2Oc44V4BqIqE7Tn3YdsN3ucZg4yH9aFTHLiD2Ioubb/8u48mRvwsT9FqFTGlswWA8dew==",
        "dependencies": {}
      },
      "@ngrok/ngrok-darwin-x64@1.2.0": {
        "integrity": "sha512-EkH2qFoXyaZkLn2Nw5NvK1F6T3332xzTVXeJMF/oLme2K567rRHmFUfN9mUORm1snHO+Ct/uW9Tciz6+hlyTLg==",
        "dependencies": {}
      },
      "@ngrok/ngrok-freebsd-x64@1.2.0": {
        "integrity": "sha512-mwD1QBKsWV7J8IGYCsLvPvk6yoMpwlNsCt7d/nkrw2AQvx0UJgZw+q3YW93Ii7r392DtvmzDDO3jxlx/Gl0mXQ==",
        "dependencies": {}
      },
      "@ngrok/ngrok-linux-arm-gnueabihf@1.2.0": {
        "integrity": "sha512-yvDEgCSL/EAAHV5EuAjULKZ8/P/i5UCN31oyp8x3hPIpTl2Lq9GfPfoAIvpM8segsbkXwlFPIA7FjMbNweQa2A==",
        "dependencies": {}
      },
      "@ngrok/ngrok-linux-arm64-gnu@1.2.0": {
        "integrity": "sha512-fEVMO7OiLTHWRDBSCvXtLhZ8C9l9aCUBduYXqCtIRx0unczEX7/jpAAD0rq32eioNfywj30s0RZRusYdrPbDTQ==",
        "dependencies": {}
      },
      "@ngrok/ngrok-linux-arm64-musl@1.2.0": {
        "integrity": "sha512-3P6YRcID3A8J+uOEf6JIUFbEnaS4SM2dDxqYgjkoo5Qjjn/V3tZdMpbGzs/R6ly9eZ8vPQNI6A4mtHGmfHjaTA==",
        "dependencies": {}
      },
      "@ngrok/ngrok-linux-x64-gnu@1.2.0": {
        "integrity": "sha512-geiZ4rTzTySIbLyxEkIV7aPdJ2hr3cKIGv1nN7uFzJPHPwxwRYLctyXHOrjbNLaKUcoEzuyqHVhu2/qUL9FZDg==",
        "dependencies": {}
      },
      "@ngrok/ngrok-linux-x64-musl@1.2.0": {
        "integrity": "sha512-s4nfAUuCM2X4T+Z9RWzD3NbhEnzeTrpsQq51RNQ9JEjN6guab3FdT/Bn9nXkULJdZOPvqguHg878KmTwi8t3mA==",
        "dependencies": {}
      },
      "@ngrok/ngrok-win32-ia32-msvc@1.2.0": {
        "integrity": "sha512-R4ovlTz22AuP7trn8CnzXqDrxFuStpx2657AMDSop/3yhS1hCxTqycRSQwXqhJisV5midaJY/e7YwNBmYnbUIA==",
        "dependencies": {}
      },
      "@ngrok/ngrok-win32-x64-msvc@1.2.0": {
        "integrity": "sha512-A5sIaZ3pXLWZO5ft0o4oyNWg6itCAaZ4Mln8Y/sMsx4AjAcaHqBod1J2We2jt5Et52sr5JRaDwBokz84ZUNi6A==",
        "dependencies": {}
      },
      "@ngrok/ngrok@1.2.0": {
        "integrity": "sha512-KOM7lHTKzsQ8IQewgigOGynJKHQRt3z0lHyEgK63H2wq9tI47tWlxWYmrQoqWLcvPgP2JA24nXWeMf/ZE2BaZg==",
        "dependencies": {
          "@ngrok/ngrok-android-arm-eabi": "@ngrok/ngrok-android-arm-eabi@1.2.0",
          "@ngrok/ngrok-android-arm64": "@ngrok/ngrok-android-arm64@1.2.0",
          "@ngrok/ngrok-darwin-arm64": "@ngrok/ngrok-darwin-arm64@1.2.0",
          "@ngrok/ngrok-darwin-universal": "@ngrok/ngrok-darwin-universal@1.2.0",
          "@ngrok/ngrok-darwin-x64": "@ngrok/ngrok-darwin-x64@1.2.0",
          "@ngrok/ngrok-freebsd-x64": "@ngrok/ngrok-freebsd-x64@1.2.0",
          "@ngrok/ngrok-linux-arm-gnueabihf": "@ngrok/ngrok-linux-arm-gnueabihf@1.2.0",
          "@ngrok/ngrok-linux-arm64-gnu": "@ngrok/ngrok-linux-arm64-gnu@1.2.0",
          "@ngrok/ngrok-linux-arm64-musl": "@ngrok/ngrok-linux-arm64-musl@1.2.0",
          "@ngrok/ngrok-linux-x64-gnu": "@ngrok/ngrok-linux-x64-gnu@1.2.0",
          "@ngrok/ngrok-linux-x64-musl": "@ngrok/ngrok-linux-x64-musl@1.2.0",
          "@ngrok/ngrok-win32-ia32-msvc": "@ngrok/ngrok-win32-ia32-msvc@1.2.0",
          "@ngrok/ngrok-win32-x64-msvc": "@ngrok/ngrok-win32-x64-msvc@1.2.0"
        }
      },
      "@types/trusted-types@2.0.7": {
        "integrity": "sha512-ScaPdn1dQczgbl0QFTeTOmVHFULt394XJgOQNoyVhZ6r2vLnMLJfBPd53SB52T/3G36VI1/g2MZaX0cwDuXsfw==",
        "dependencies": {}
      },
      "esbuild@0.20.1": {
        "integrity": "sha512-OJwEgrpWm/PCMsLVWXKqvcjme3bHNpOgN7Tb6cQnR5n0TPbQx1/Xrn7rqM+wn17bYeT6MGB5sn1Bh5YiGi70nA==",
        "dependencies": {
          "@esbuild/aix-ppc64": "@esbuild/aix-ppc64@0.20.1",
          "@esbuild/android-arm": "@esbuild/android-arm@0.20.1",
          "@esbuild/android-arm64": "@esbuild/android-arm64@0.20.1",
          "@esbuild/android-x64": "@esbuild/android-x64@0.20.1",
          "@esbuild/darwin-arm64": "@esbuild/darwin-arm64@0.20.1",
          "@esbuild/darwin-x64": "@esbuild/darwin-x64@0.20.1",
          "@esbuild/freebsd-arm64": "@esbuild/freebsd-arm64@0.20.1",
          "@esbuild/freebsd-x64": "@esbuild/freebsd-x64@0.20.1",
          "@esbuild/linux-arm": "@esbuild/linux-arm@0.20.1",
          "@esbuild/linux-arm64": "@esbuild/linux-arm64@0.20.1",
          "@esbuild/linux-ia32": "@esbuild/linux-ia32@0.20.1",
          "@esbuild/linux-loong64": "@esbuild/linux-loong64@0.20.1",
          "@esbuild/linux-mips64el": "@esbuild/linux-mips64el@0.20.1",
          "@esbuild/linux-ppc64": "@esbuild/linux-ppc64@0.20.1",
          "@esbuild/linux-riscv64": "@esbuild/linux-riscv64@0.20.1",
          "@esbuild/linux-s390x": "@esbuild/linux-s390x@0.20.1",
          "@esbuild/linux-x64": "@esbuild/linux-x64@0.20.1",
          "@esbuild/netbsd-x64": "@esbuild/netbsd-x64@0.20.1",
          "@esbuild/openbsd-x64": "@esbuild/openbsd-x64@0.20.1",
          "@esbuild/sunos-x64": "@esbuild/sunos-x64@0.20.1",
          "@esbuild/win32-arm64": "@esbuild/win32-arm64@0.20.1",
          "@esbuild/win32-ia32": "@esbuild/win32-ia32@0.20.1",
          "@esbuild/win32-x64": "@esbuild/win32-x64@0.20.1"
        }
      },
      "exenv-es6@1.1.1": {
        "integrity": "sha512-vlVu3N8d6yEMpMsEm+7sUBAI81aqYYuEvfK0jNqmdb/OPXzzH7QWDDnVjMvDSY47JdHEqx/dfC/q8WkfoTmpGQ==",
        "dependencies": {}
      },
      "lit-element@4.0.4": {
        "integrity": "sha512-98CvgulX6eCPs6TyAIQoJZBCQPo80rgXR+dVBs61cstJXqtI+USQZAbA4gFHh6L/mxBx9MrgPLHLsUgDUHAcCQ==",
        "dependencies": {
          "@lit-labs/ssr-dom-shim": "@lit-labs/ssr-dom-shim@1.2.0",
          "@lit/reactive-element": "@lit/reactive-element@2.0.4",
          "lit-html": "lit-html@3.1.2"
        }
      },
      "lit-html@3.1.2": {
        "integrity": "sha512-3OBZSUrPnAHoKJ9AMjRL/m01YJxQMf+TMHanNtTHG68ubjnZxK0RFl102DPzsw4mWnHibfZIBJm3LWCZ/LmMvg==",
        "dependencies": {
          "@types/trusted-types": "@types/trusted-types@2.0.7"
        }
      },
      "lit@3.1.2": {
        "integrity": "sha512-VZx5iAyMtX7CV4K8iTLdCkMaYZ7ipjJZ0JcSdJ0zIdGxxyurjIn7yuuSxNBD7QmjvcNJwr0JS4cAdAtsy7gZ6w==",
        "dependencies": {
          "@lit/reactive-element": "@lit/reactive-element@2.0.4",
          "lit-element": "lit-element@4.0.4",
          "lit-html": "lit-html@3.1.2"
        }
      },
      "tabbable@5.3.3": {
        "integrity": "sha512-QD9qKY3StfbZqWOPLp0++pOrAVb/HbUi5xCc8cUo4XjP19808oaMiDzn0leBY5mCespIBM0CIZePzZjgzR83kA==",
        "dependencies": {}
      },
      "tslib@1.14.1": {
        "integrity": "sha512-Xni35NKzjgMrwevysHTCArtLDpPvye8zV/0E4EyYn43P7/7qvQwPh9BGkHewbMulVntbigmcT7rdX3BNo9wRJg==",
        "dependencies": {}
      },
      "tslib@2.6.2": {
        "integrity": "sha512-AEYxH93jGFPn/a2iVAwW87VuUIkR1FVUKB77NwMF7nBTDkDrrT/Hpt/IrCJ0QXhW27jTBDcf5ZY7w6RiqTMw2Q==",
        "dependencies": {}
      }
    }
  },
  "remote": {
    "https://deno.land/std@0.125.0/_deno_unstable.ts": "1cb49fd91da8dba86043d461a5d74a8c0c45406b102ef46e17231b1e8cd2e941",
    "https://deno.land/std@0.125.0/_util/assert.ts": "6396c1bd0361c4939e7f32f9b03efffcd04b640a1b206ed67058553d6cb59cc4",
    "https://deno.land/std@0.125.0/_util/os.ts": "49b92edea1e82ba295ec946de8ffd956ed123e2948d9bd1d3e901b04e4307617",
    "https://deno.land/std@0.125.0/async/deadline.ts": "edbdf6cd7a5e3337c4c24c9b616491f8f1d61d36fc415d5d5b4af33557de0d23",
    "https://deno.land/std@0.125.0/async/debounce.ts": "3cf9306b4e9038ee3238111e338f412ecf3541b1a97ba9fc1f960be8af5a5f39",
    "https://deno.land/std@0.125.0/async/deferred.ts": "677692a2399d4cabbc45e06abe4f585afd6196c59e24a98edb866598af9f0eef",
    "https://deno.land/std@0.125.0/async/delay.ts": "f38013c800f5129b14fdbf41fb4f4fbaf9525f69f4266946e14d0cf57c830b0c",
    "https://deno.land/std@0.125.0/async/mod.ts": "a28709190a1966cb50e5815ef269bb588ee192373cde73b1096641820dc52a36",
    "https://deno.land/std@0.125.0/async/mux_async_iterator.ts": "35561f258d32c77170f9d1faf3d650890fb6502d5fe12f505c050b4ea1aee899",
    "https://deno.land/std@0.125.0/async/pool.ts": "97b0dd27c69544e374df857a40902e74e39532f226005543eabacb551e277082",
    "https://deno.land/std@0.125.0/async/tee.ts": "518c7bfd5184c8cd92b47115026a6a2243e81d83e2c3e71c2aa5cdb5988998b1",
    "https://deno.land/std@0.125.0/bytes/bytes_list.ts": "cfe63225fc153a1ae8f18c1d68d979e131906487664719d92771642b6587b11c",
    "https://deno.land/std@0.125.0/bytes/equals.ts": "6f38a72d4a75a1232fe984e5fb362b962c2e9bec6385f4ca13252e1ca53dba00",
    "https://deno.land/std@0.125.0/bytes/mod.ts": "ed5c42feb746c3709d186787346004f97301dc076b33434653e451efd8efcf6a",
    "https://deno.land/std@0.125.0/fmt/colors.ts": "870f10d440af4c309ab7bff97266d8ddb2c8a69039bcbd33253c8bfc14502116",
    "https://deno.land/std@0.125.0/fs/_util.ts": "0fb24eb4bfebc2c194fb1afdb42b9c3dda12e368f43e8f2321f84fc77d42cb0f",
    "https://deno.land/std@0.125.0/fs/copy.ts": "9248d1492599957af8c693ceb10a432b09f0b0b61c60a4d6aff29b0c7d3a17b3",
    "https://deno.land/std@0.125.0/fs/empty_dir.ts": "7274d87160de34cbed0531e284df383045cf43543bbeadeb97feac598bd8f3c5",
    "https://deno.land/std@0.125.0/fs/ensure_dir.ts": "9dc109c27df4098b9fc12d949612ae5c9c7169507660dcf9ad90631833209d9d",
    "https://deno.land/std@0.125.0/fs/ensure_file.ts": "7d353e64fee3d4d1e7c6b6726a2a5e987ba402c15fb49566309042887349c545",
    "https://deno.land/std@0.125.0/fs/ensure_link.ts": "489e23df9fe3e6636048b5830ddf0f111eb29621eb85719255ad9bd645f3471b",
    "https://deno.land/std@0.125.0/fs/ensure_symlink.ts": "88dc83de1bc90ed883dd458c2d2eae3d5834a4617d12925734836e1f0803b274",
    "https://deno.land/std@0.125.0/fs/eol.ts": "ebd5061ae0ce1936b4d019c928c77c420b32e61cf472681c644fe377ccf4774d",
    "https://deno.land/std@0.125.0/fs/exists.ts": "cb734d872f8554ea40b8bff77ad33d4143c1187eac621a55bf37781a43c56f6d",
    "https://deno.land/std@0.125.0/fs/expand_glob.ts": "0c10130d67c9b02164b03df8e43c6d6defbf8e395cb69d09e84a8586e6d72ac3",
    "https://deno.land/std@0.125.0/fs/mod.ts": "4dc052c461c171abb5c25f6e0f218ab838a716230930b534ba351745864b7d6d",
    "https://deno.land/std@0.125.0/fs/move.ts": "0573cedcf583f09a9494f2dfccbf67de68a93629942d6b5e6e74a9e45d4e8a2e",
    "https://deno.land/std@0.125.0/fs/walk.ts": "117403ccd21fd322febe56ba06053b1ad5064c802170f19b1ea43214088fe95f",
    "https://deno.land/std@0.125.0/http/server.ts": "10c3a7814666cdbabd6f9c18acdcc4593e222275a628280a4868881445fbb5bc",
    "https://deno.land/std@0.125.0/io/buffer.ts": "22a7e7c6f693a9c3547d0caa2dcae2a5582cb5b1bec22b28322d0352a9209e34",
    "https://deno.land/std@0.125.0/io/files.ts": "d199ef64e918a256320ba8d8d44ae91de87c9077df8f8d6cca013f1b9fbbe285",
    "https://deno.land/std@0.125.0/io/mod.ts": "1a4e8d19d42745fb2ff68d6ffa801657a4a15713bf7e7173df2da4737f5c5450",
    "https://deno.land/std@0.125.0/io/readers.ts": "679471f3b9929b54393c9cd75b6bd178b4bc6d9aab5c0f1f9538f862cf4746fe",
    "https://deno.land/std@0.125.0/io/streams.ts": "988a19155b52161f0035ce539e2f1d12edbc4c389fa7633da832a64e6edbe1a0",
    "https://deno.land/std@0.125.0/io/util.ts": "078da53bba767bec0d45f7da44411f6dbf269e51ef7fcfea5e3714e04681c674",
    "https://deno.land/std@0.125.0/io/writers.ts": "913a941d16194a98c75ede55f2e46b9a5b1fc8151fc21c9ff6f2be901eff9241",
    "https://deno.land/std@0.125.0/path/_constants.ts": "df1db3ffa6dd6d1252cc9617e5d72165cd2483df90e93833e13580687b6083c3",
    "https://deno.land/std@0.125.0/path/_interface.ts": "ee3b431a336b80cf445441109d089b70d87d5e248f4f90ff906820889ecf8d09",
    "https://deno.land/std@0.125.0/path/_util.ts": "c1e9686d0164e29f7d880b2158971d805b6e0efc3110d0b3e24e4b8af2190d2b",
    "https://deno.land/std@0.125.0/path/common.ts": "bee563630abd2d97f99d83c96c2fa0cca7cee103e8cb4e7699ec4d5db7bd2633",
    "https://deno.land/std@0.125.0/path/glob.ts": "cb5255638de1048973c3e69e420c77dc04f75755524cb3b2e160fe9277d939ee",
    "https://deno.land/std@0.125.0/path/mod.ts": "4275129bb766f0e475ecc5246aa35689eeade419d72a48355203f31802640be7",
    "https://deno.land/std@0.125.0/path/posix.ts": "663e4a6fe30a145f56aa41a22d95114c4c5582d8b57d2d7c9ed27ad2c47636bb",
    "https://deno.land/std@0.125.0/path/separator.ts": "fe1816cb765a8068afb3e8f13ad272351c85cbc739af56dacfc7d93d710fe0f9",
    "https://deno.land/std@0.125.0/path/win32.ts": "e7bdf63e8d9982b4d8a01ef5689425c93310ece950e517476e22af10f41a136e",
    "https://deno.land/std@0.125.0/streams/conversion.ts": "fec481215c9c376047e7cc4251933c37f00708b2a582ee39b320c6e0a7e1e379",
    "https://deno.land/std@0.125.0/streams/delimiter.ts": "4b27d090a97798e27d86b715e94b6575c9274c94018ecec0ab7b9252f9485f0f",
    "https://deno.land/std@0.125.0/streams/merge.ts": "89faf7dcda7e010f1e01dfc555d609c66d9fb2c834b7aa457a63cc70a25c3817",
    "https://deno.land/std@0.125.0/streams/mod.ts": "1fc9053a554a53c8545c104c238d60ac01f91b6282346423b3a8355ae710d049",
    "https://deno.land/std@0.125.0/testing/_diff.ts": "9d849cd6877694152e01775b2d93f9d6b7aef7e24bfe3bfafc4d7a1ac8e9f392",
    "https://deno.land/std@0.125.0/testing/asserts.ts": "b7a2b7f80a12b9b2abe1bfeb7b84ead0e971671977c4d70390f43abd85c904ae",
    "https://deno.land/std@0.219.0/assert/assert.ts": "bec068b2fccdd434c138a555b19a2c2393b71dfaada02b7d568a01541e67cdc5",
    "https://deno.land/std@0.219.0/assert/assertion_error.ts": "9f689a101ee586c4ce92f52fa7ddd362e86434ffdf1f848e45987dc7689976b8",
    "https://deno.land/std@0.219.0/async/delay.ts": "8e1d18fe8b28ff95885e2bc54eccec1713f57f756053576d8228e6ca110793ad",
    "https://deno.land/std@0.219.0/cli/parse_args.ts": "475b3edc8105c9acea09b83b100afc383d7bddbba9828da3f0c4adced006607a",
    "https://deno.land/std@0.219.0/encoding/_util.ts": "beacef316c1255da9bc8e95afb1fa56ed69baef919c88dc06ae6cb7a6103d376",
    "https://deno.land/std@0.219.0/encoding/base64.ts": "b0fe5f1c55571dc9f091abc7d4830482f2f67ab4308c9c1b57071e770b7dcc74",
    "https://deno.land/std@0.219.0/encoding/hex.ts": "e939f50d55be48a1fe42fecaaecdb54353df38e831c47f374be7e6fdbe61510e",
    "https://deno.land/std@0.219.0/fmt/bytes.ts": "7b294a4b9cf0297efa55acb55d50610f3e116a0ac772d1df0ae00f0b833ccd4a",
    "https://deno.land/std@0.219.0/fmt/colors.ts": "d239d84620b921ea520125d778947881f62c50e78deef2657073840b8af9559a",
    "https://deno.land/std@0.219.0/http/_negotiation/common.ts": "051a9f6edd1ed69507df89bbc16fc1b13b7654b9b8fd38072ec33ae4c185fc13",
    "https://deno.land/std@0.219.0/http/_negotiation/encoding.ts": "fdedea1145c1dea3b3de2d5217e8eb927e764083eebc8c52d09a1ed3d9bb7a93",
    "https://deno.land/std@0.219.0/http/_negotiation/language.ts": "300a5c586f844c97f246ab72c948e9fde9a8f45e92ec08e1cc9a9df80259e2a3",
    "https://deno.land/std@0.219.0/http/_negotiation/media_type.ts": "87a1ecb22c1b268d0fa23d798e1ea238343505268cb1ff82bd038638de29ce31",
    "https://deno.land/std@0.219.0/http/cookie.ts": "a377fa60175ba5f61dd4b8a70b34f2bbfbc70782dfd5faf36d314c42e4306006",
    "https://deno.land/std@0.219.0/http/etag.ts": "9c120f11b2e57fdaeda28a6cf6c060a3d203e58f56e5856a717281dd0318eedc",
    "https://deno.land/std@0.219.0/http/file_server.ts": "fe0a77a4de8c3dae3afa206b4317e2dce0b497252fb7319bf7febd6e65fded80",
    "https://deno.land/std@0.219.0/http/mod.ts": "b0e06293a8a2f71b041add53d4674d4997bd2b83a4760bddad1b5e552130bcc8",
    "https://deno.land/std@0.219.0/http/negotiation.ts": "d06ef2958ca712a7dbe4538eed6a46abfa2b87f8e150b7c89d83a6055dabd7cc",
    "https://deno.land/std@0.219.0/http/server.ts": "6dce295abc169d0956ae00432441331b3425afad4d79e8b3475739be2f04d614",
    "https://deno.land/std@0.219.0/http/server_sent_event_stream.ts": "d9c20b46f986d78f60c38dbd91e95c71d73b45f29739a8ef4216dfa5f2e71eb3",
    "https://deno.land/std@0.219.0/http/status.ts": "ed61b4882af2514a81aefd3245e8df4c47b9a8e54929a903577643d2d1ebf514",
    "https://deno.land/std@0.219.0/http/unstable_signed_cookie.ts": "69e9ac37097576a383b6f24329ef7a2e08efcaac3d04b09c189e2f96241b08aa",
    "https://deno.land/std@0.219.0/http/user_agent.ts": "05f8849c7e27b898793bfc70204f0c72b6be9bee7accbe98e18a1c413bd4ace3",
    "https://deno.land/std@0.219.0/media_types/_db.ts": "19563a2491cd81b53b9c1c6ffd1a9145c355042d4a854c52f6e1424f73ff3923",
    "https://deno.land/std@0.219.0/media_types/_util.ts": "97fadcdfc82fdb02da87efb0fcd3171b0004fb810284114e9d0914a7c4a0b7e5",
    "https://deno.land/std@0.219.0/media_types/content_type.ts": "ed3f2e1f243b418ad3f441edc95fd92efbadb0f9bde36219c7564c67f9639513",
    "https://deno.land/std@0.219.0/media_types/format_media_type.ts": "ffef4718afa2489530cb94021bb865a466eb02037609f7e82899c017959d288a",
    "https://deno.land/std@0.219.0/media_types/get_charset.ts": "277ebfceb205bd34e616fe6764ef03fb277b77f040706272bea8680806ae3f11",
    "https://deno.land/std@0.219.0/media_types/parse_media_type.ts": "487f000a38c230ccbac25420a50f600862e06796d0eee19d19631b9e84ee9654",
    "https://deno.land/std@0.219.0/media_types/type_by_extension.ts": "bf4e3f5d6b58b624d5daa01cbb8b1e86d9939940a77e7c26e796a075b60ec73b",
    "https://deno.land/std@0.219.0/media_types/vendor/mime-db.v1.52.0.ts": "0218d2c7d900e8cd6fa4a866e0c387712af4af9a1bae55d6b2546c73d273a1e6",
    "https://deno.land/std@0.219.0/path/_common/assert_path.ts": "dbdd757a465b690b2cc72fc5fb7698c51507dec6bfafce4ca500c46b76ff7bd8",
    "https://deno.land/std@0.219.0/path/_common/constants.ts": "dc5f8057159f4b48cd304eb3027e42f1148cf4df1fb4240774d3492b5d12ac0c",
    "https://deno.land/std@0.219.0/path/_common/normalize.ts": "684df4aa71a04bbcc346c692c8485594fc8a90b9408dfbc26ff32cf3e0c98cc8",
    "https://deno.land/std@0.219.0/path/_common/normalize_string.ts": "dfdf657a1b1a7db7999f7c575ee7e6b0551d9c20f19486c6c3f5ff428384c965",
    "https://deno.land/std@0.219.0/path/_common/relative.ts": "faa2753d9b32320ed4ada0733261e3357c186e5705678d9dd08b97527deae607",
    "https://deno.land/std@0.219.0/path/_os.ts": "8fb9b90fb6b753bd8c77cfd8a33c2ff6c5f5bc185f50de8ca4ac6a05710b2c15",
    "https://deno.land/std@0.219.0/path/constants.ts": "0c206169ca104938ede9da48ac952de288f23343304a1c3cb6ec7625e7325f36",
    "https://deno.land/std@0.219.0/path/extname.ts": "593303db8ae8c865cbd9ceec6e55d4b9ac5410c1e276bfd3131916591b954441",
    "https://deno.land/std@0.219.0/path/join.ts": "ae2ec5ca44c7e84a235fd532e4a0116bfb1f2368b394db1c4fb75e3c0f26a33a",
    "https://deno.land/std@0.219.0/path/posix/_util.ts": "1e3937da30f080bfc99fe45d7ed23c47dd8585c5e473b2d771380d3a6937cf9d",
    "https://deno.land/std@0.219.0/path/posix/extname.ts": "8d36ae0082063c5e1191639699e6f77d3acf501600a3d87b74943f0ae5327427",
    "https://deno.land/std@0.219.0/path/posix/join.ts": "744fadcbee7047688696455c7cbb368a9625ffde67fc3058a61c98948fcd04de",
    "https://deno.land/std@0.219.0/path/posix/normalize.ts": "baeb49816a8299f90a0237d214cef46f00ba3e95c0d2ceb74205a6a584b58a91",
    "https://deno.land/std@0.219.0/path/posix/relative.ts": "3907d6eda41f0ff723d336125a1ad4349112cd4d48f693859980314d5b9da31c",
    "https://deno.land/std@0.219.0/path/posix/resolve.ts": "08b699cfeee10cb6857ccab38fa4b2ec703b0ea33e8e69964f29d02a2d5257cf",
    "https://deno.land/std@0.219.0/path/relative.ts": "ab739d727180ed8727e34ed71d976912461d98e2b76de3d3de834c1066667add",
    "https://deno.land/std@0.219.0/path/resolve.ts": "a6f977bdb4272e79d8d0ed4333e3d71367cc3926acf15ac271f1d059c8494d8d",
    "https://deno.land/std@0.219.0/path/windows/_util.ts": "d5f47363e5293fced22c984550d5e70e98e266cc3f31769e1710511803d04808",
    "https://deno.land/std@0.219.0/path/windows/extname.ts": "165a61b00d781257fda1e9606a48c78b06815385e7d703232548dbfc95346bef",
    "https://deno.land/std@0.219.0/path/windows/join.ts": "8d03530ab89195185103b7da9dfc6327af13eabdcd44c7c63e42e27808f50ecf",
    "https://deno.land/std@0.219.0/path/windows/normalize.ts": "78126170ab917f0ca355a9af9e65ad6bfa5be14d574c5fb09bb1920f52577780",
    "https://deno.land/std@0.219.0/path/windows/relative.ts": "3e1abc7977ee6cc0db2730d1f9cb38be87b0ce4806759d271a70e4997fc638d7",
    "https://deno.land/std@0.219.0/path/windows/resolve.ts": "8dae1dadfed9d46ff46cc337c9525c0c7d959fb400a6308f34595c45bdca1972",
    "https://deno.land/std@0.219.0/streams/byte_slice_stream.ts": "5bbdcadb118390affa9b3d0a0f73ef8e83754f59bb89df349add669dd9369713",
    "https://deno.land/std@0.219.0/version.ts": "ccbaab1a1bf23f1ffef9438ec4cc72b7934ef1b0c9263966bdfd49002b357d7e",
    "https://deno.land/x/denoflate@1.2.1/mod.ts": "f5628e44b80b3d80ed525afa2ba0f12408e3849db817d47a883b801f9ce69dd6",
    "https://deno.land/x/denoflate@1.2.1/pkg/denoflate.js": "b9f9ad9457d3f12f28b1fb35c555f57443427f74decb403113d67364e4f2caf4",
    "https://deno.land/x/denoflate@1.2.1/pkg/denoflate_bg.wasm.js": "d581956245407a2115a3d7e8d85a9641c032940a8e810acbd59ca86afd34d44d",
    "https://deno.land/x/esbuild@v0.20.1/mod.js": "d50e500b53ce67e31116beba3916b0f9275c0e1cc20bc5cadc0fc1b7a3b06fd9",
    "https://deno.land/x/ngrok@4.0.1/deps.ts": "e9972c4bf050699cf98aaa3887ed5be5911f8f3ca443183bc5145c2a6e38f921",
    "https://deno.land/x/ngrok@4.0.1/mod.ts": "63f18ee372119917863738e438ba1c4fc871fd493aa1c0fe8c40c74df90b3f60",
    "https://deno.land/x/typed_event_target@1.0.1/mod.ts": "99361353f5a923bce9299d531b7fb6d47dd81fb01e9cd2c42cdd5ff89ced45ee"
  },
  "workspace": {
    "dependencies": [
      "jsr:@luca/esbuild-deno-loader@0.9.0",
      "npm:@fluentui/web-components@2.5.17",
      "npm:@ngrok/ngrok@1.2.0",
      "npm:lit@3.1.2"
    ]
  }
}
