{
  "version": "4",
  "specifiers": {
    "jsr:@luca/esbuild-deno-loader@~0.10.3": "0.10.3",
    "jsr:@std/assert@0.224": "0.224.0",
    "jsr:@std/assert@~0.213.1": "0.213.1",
    "jsr:@std/assert@~0.225.2": "0.225.2",
    "jsr:@std/async@0.224": "0.224.0",
    "jsr:@std/cli@0.224": "0.224.2",
    "jsr:@std/encoding@0.213": "0.213.1",
    "jsr:@std/encoding@0.224": "0.224.1",
    "jsr:@std/fmt@0.224": "0.224.0",
    "jsr:@std/http@0.224": "0.224.0",
    "jsr:@std/json@~0.213.1": "0.213.1",
    "jsr:@std/jsonc@0.213": "0.213.1",
    "jsr:@std/media-types@0.224": "0.224.1",
    "jsr:@std/path@0.213": "0.213.1",
    "jsr:@std/path@0.224": "0.224.0",
    "jsr:@std/streams@0.224": "0.224.0",
    "npm:@fluentui/web-components@^2.6.1": "2.6.1",
    "npm:@ngrok/ngrok@^1.2.0": "1.2.0",
    "npm:esbuild@~0.21.3": "0.21.3",
    "npm:lit@^3.1.3": "3.1.3"
  },
  "jsr": {
    "@luca/esbuild-deno-loader@0.10.3": {
      "integrity": "32fc93f7e7f78060234fd5929a740668aab1c742b808c6048b57f9aaea514921",
      "dependencies": [
        "jsr:@std/encoding@0.213",
        "jsr:@std/jsonc",
        "jsr:@std/path@0.213"
      ]
    },
    "@std/assert@0.213.1": {
      "integrity": "24c28178b30c8e0782c18e8e94ea72b16282207569cdd10ffb9d1d26f2edebfe"
    },
    "@std/assert@0.224.0": {
      "integrity": "8643233ec7aec38a940a8264a6e3eed9bfa44e7a71cc6b3c8874213ff401967f"
    },
    "@std/assert@0.225.2": {
      "integrity": "6fd566c3ea01654d29c2b633298b7fc7599716336233852eb87e9843658fa192"
    },
    "@std/async@0.224.0": {
      "integrity": "b6da423eeafbd0003fe88d950e069368c6a156f8b5293b7adbd9c8903a8f8d66"
    },
    "@std/cli@0.224.2": {
      "integrity": "be330ce49928db596338b411037b082d8f8f218b34f8095bcad382fb0c3d6b31",
      "dependencies": [
        "jsr:@std/assert@~0.225.2"
      ]
    },
    "@std/encoding@0.213.1": {
      "integrity": "fcbb6928713dde941a18ca5db88ca1544d0755ec8fb20fe61e2dc8144b390c62"
    },
    "@std/encoding@0.224.1": {
      "integrity": "13fbec556c53de1d7bf8c8661ac6d79de7dbc175376ed00e8270369ebc28721f"
    },
    "@std/fmt@0.224.0": {
      "integrity": "e20e9a2312a8b5393272c26191c0a68eda8d2c4b08b046bad1673148f1d69851"
    },
    "@std/http@0.224.0": {
      "integrity": "fde48c9133d1d7bb94c134d8f0f01c1a737e6e3879f52580e9ca92217a011e82",
      "dependencies": [
        "jsr:@std/assert@0.224",
        "jsr:@std/async",
        "jsr:@std/cli",
        "jsr:@std/encoding@0.224",
        "jsr:@std/fmt",
        "jsr:@std/media-types",
        "jsr:@std/path@0.224",
        "jsr:@std/streams"
      ]
    },
    "@std/json@0.213.1": {
      "integrity": "f572b1de605d07c4a5602445dac54bfc51b1fb87a3710a17aed2608bfca54e68"
    },
    "@std/jsonc@0.213.1": {
      "integrity": "5578f21aa583b7eb7317eed077ffcde47b294f1056bdbb9aacec407758637bfe",
      "dependencies": [
        "jsr:@std/assert@~0.213.1",
        "jsr:@std/json"
      ]
    },
    "@std/media-types@0.224.1": {
      "integrity": "9e69a5daed37c5b5c6d3ce4731dc191f80e67f79bed392b0957d1d03b87f11e1"
    },
    "@std/path@0.213.1": {
      "integrity": "f187bf278a172752e02fcbacf6bd78a335ed320d080a7ed3a5a59c3e88abc673",
      "dependencies": [
        "jsr:@std/assert@~0.213.1"
      ]
    },
    "@std/path@0.224.0": {
      "integrity": "55bca6361e5a6d158b9380e82d4981d82d338ec587de02951e2b7c3a24910ee6",
      "dependencies": [
        "jsr:@std/assert@0.224"
      ]
    },
    "@std/streams@0.224.0": {
      "integrity": "9c21feb45113abfc67dd536029624d1792d56dfbb029b8c1baf4ad5a2c35769e",
      "dependencies": [
        "jsr:@std/assert@0.224"
      ]
    }
  },
  "npm": {
    "@esbuild/aix-ppc64@0.21.3": {
      "integrity": "sha512-yTgnwQpFVYfvvo4SvRFB0SwrW8YjOxEoT7wfMT7Ol5v7v5LDNvSGo67aExmxOb87nQNeWPVvaGBNfQ7BXcrZ9w=="
    },
    "@esbuild/android-arm64@0.21.3": {
      "integrity": "sha512-c+ty9necz3zB1Y+d/N+mC6KVVkGUUOcm4ZmT5i/Fk5arOaY3i6CA3P5wo/7+XzV8cb4GrI/Zjp8NuOQ9Lfsosw=="
    },
    "@esbuild/android-arm@0.21.3": {
      "integrity": "sha512-bviJOLMgurLJtF1/mAoJLxDZDL6oU5/ztMHnJQRejbJrSc9FFu0QoUoFhvi6qSKJEw9y5oGyvr9fuDtzJ30rNQ=="
    },
    "@esbuild/android-x64@0.21.3": {
      "integrity": "sha512-JReHfYCRK3FVX4Ra+y5EBH1b9e16TV2OxrPAvzMsGeES0X2Ndm9ImQRI4Ket757vhc5XBOuGperw63upesclRw=="
    },
    "@esbuild/darwin-arm64@0.21.3": {
      "integrity": "sha512-U3fuQ0xNiAkXOmQ6w5dKpEvXQRSpHOnbw7gEfHCRXPeTKW9sBzVck6C5Yneb8LfJm0l6le4NQfkNPnWMSlTFUQ=="
    },
    "@esbuild/darwin-x64@0.21.3": {
      "integrity": "sha512-3m1CEB7F07s19wmaMNI2KANLcnaqryJxO1fXHUV5j1rWn+wMxdUYoPyO2TnAbfRZdi7ADRwJClmOwgT13qlP3Q=="
    },
    "@esbuild/freebsd-arm64@0.21.3": {
      "integrity": "sha512-fsNAAl5pU6wmKHq91cHWQT0Fz0vtyE1JauMzKotrwqIKAswwP5cpHUCxZNSTuA/JlqtScq20/5KZ+TxQdovU/g=="
    },
    "@esbuild/freebsd-x64@0.21.3": {
      "integrity": "sha512-tci+UJ4zP5EGF4rp8XlZIdq1q1a/1h9XuronfxTMCNBslpCtmk97Q/5qqy1Mu4zIc0yswN/yP/BLX+NTUC1bXA=="
    },
    "@esbuild/linux-arm64@0.21.3": {
      "integrity": "sha512-vvG6R5g5ieB4eCJBQevyDMb31LMHthLpXTc2IGkFnPWS/GzIFDnaYFp558O+XybTmYrVjxnryru7QRleJvmZ6Q=="
    },
    "@esbuild/linux-arm@0.21.3": {
      "integrity": "sha512-f6kz2QpSuyHHg01cDawj0vkyMwuIvN62UAguQfnNVzbge2uWLhA7TCXOn83DT0ZvyJmBI943MItgTovUob36SQ=="
    },
    "@esbuild/linux-ia32@0.21.3": {
      "integrity": "sha512-HjCWhH7K96Na+66TacDLJmOI9R8iDWDDiqe17C7znGvvE4sW1ECt9ly0AJ3dJH62jHyVqW9xpxZEU1jKdt+29A=="
    },
    "@esbuild/linux-loong64@0.21.3": {
      "integrity": "sha512-BGpimEccmHBZRcAhdlRIxMp7x9PyJxUtj7apL2IuoG9VxvU/l/v1z015nFs7Si7tXUwEsvjc1rOJdZCn4QTU+Q=="
    },
    "@esbuild/linux-mips64el@0.21.3": {
      "integrity": "sha512-5rMOWkp7FQGtAH3QJddP4w3s47iT20hwftqdm7b+loe95o8JU8ro3qZbhgMRy0VuFU0DizymF1pBKkn3YHWtsw=="
    },
    "@esbuild/linux-ppc64@0.21.3": {
      "integrity": "sha512-h0zj1ldel89V5sjPLo5H1SyMzp4VrgN1tPkN29TmjvO1/r0MuMRwJxL8QY05SmfsZRs6TF0c/IDH3u7XYYmbAg=="
    },
    "@esbuild/linux-riscv64@0.21.3": {
      "integrity": "sha512-dkAKcTsTJ+CRX6bnO17qDJbLoW37npd5gSNtSzjYQr0svghLJYGYB0NF1SNcU1vDcjXLYS5pO4qOW4YbFama4A=="
    },
    "@esbuild/linux-s390x@0.21.3": {
      "integrity": "sha512-vnD1YUkovEdnZWEuMmy2X2JmzsHQqPpZElXx6dxENcIwTu+Cu5ERax6+Ke1QsE814Zf3c6rxCfwQdCTQ7tPuXA=="
    },
    "@esbuild/linux-x64@0.21.3": {
      "integrity": "sha512-IOXOIm9WaK7plL2gMhsWJd+l2bfrhfilv0uPTptoRoSb2p09RghhQQp9YY6ZJhk/kqmeRt6siRdMSLLwzuT0KQ=="
    },
    "@esbuild/netbsd-x64@0.21.3": {
      "integrity": "sha512-uTgCwsvQ5+vCQnqM//EfDSuomo2LhdWhFPS8VL8xKf+PKTCrcT/2kPPoWMTs22aB63MLdGMJiE3f1PHvCDmUOw=="
    },
    "@esbuild/openbsd-x64@0.21.3": {
      "integrity": "sha512-vNAkR17Ub2MgEud2Wag/OE4HTSI6zlb291UYzHez/psiKarp0J8PKGDnAhMBcHFoOHMXHfExzmjMojJNbAStrQ=="
    },
    "@esbuild/sunos-x64@0.21.3": {
      "integrity": "sha512-W8H9jlGiSBomkgmouaRoTXo49j4w4Kfbl6I1bIdO/vT0+0u4f20ko3ELzV3hPI6XV6JNBVX+8BC+ajHkvffIJA=="
    },
    "@esbuild/win32-arm64@0.21.3": {
      "integrity": "sha512-EjEomwyLSCg8Ag3LDILIqYCZAq/y3diJ04PnqGRgq8/4O3VNlXyMd54j/saShaN4h5o5mivOjAzmU6C3X4v0xw=="
    },
    "@esbuild/win32-ia32@0.21.3": {
      "integrity": "sha512-WGiE/GgbsEwR33++5rzjiYsKyHywE8QSZPF7Rfx9EBfK3Qn3xyR6IjyCr5Uk38Kg8fG4/2phN7sXp4NPWd3fcw=="
    },
    "@esbuild/win32-x64@0.21.3": {
      "integrity": "sha512-xRxC0jaJWDLYvcUvjQmHCJSfMrgmUuvsoXgDeU/wTorQ1ngDdUBuFtgY3W1Pc5sprGAvZBtWdJX7RPg/iZZUqA=="
    },
    "@fluentui/web-components@2.6.1": {
      "integrity": "sha512-coyV+QZBVqcrJbncR2iyL0ZMXGFRJmP+JYUlewkYBt8bgmTMIwKBdUX0cN9S6KUp8JHoC2OSRqL8MYgT3T+YLQ==",
      "dependencies": [
        "@microsoft/fast-colors",
        "@microsoft/fast-element",
        "@microsoft/fast-foundation",
        "@microsoft/fast-web-utilities",
        "tslib@2.6.2"
      ]
    },
    "@lit-labs/ssr-dom-shim@1.2.0": {
      "integrity": "sha512-yWJKmpGE6lUURKAaIltoPIE/wrbY3TEkqQt+X0m+7fQNnAv0keydnYvbiJFP1PnMhizmIWRWOG5KLhYyc/xl+g=="
    },
    "@lit/reactive-element@2.0.4": {
      "integrity": "sha512-GFn91inaUa2oHLak8awSIigYz0cU0Payr1rcFsrkf5OJ5eSPxElyZfKh0f2p9FsTiZWXQdWGJeXZICEfXXYSXQ==",
      "dependencies": [
        "@lit-labs/ssr-dom-shim"
      ]
    },
    "@microsoft/fast-colors@5.3.1": {
      "integrity": "sha512-72RZXVfCbwQzvo5sXXkuLXLT7rMeYaSf5r/6ewQiv/trBtqpWRm4DEH2EilHw/iWTBKOXs1qZNQndgUMa5n4LA=="
    },
    "@microsoft/fast-element@1.13.0": {
      "integrity": "sha512-iFhzKbbD0cFRo9cEzLS3Tdo9BYuatdxmCEKCpZs1Cro/93zNMpZ/Y9/Z7SknmW6fhDZbpBvtO8lLh9TFEcNVAQ=="
    },
    "@microsoft/fast-foundation@2.49.6": {
      "integrity": "sha512-DZVr+J/NIoskFC1Y6xnAowrMkdbf2d5o7UyWK6gW5AiQ6S386Ql8dw4KcC4kHaeE1yL2CKvweE79cj6ZhJhTvA==",
      "dependencies": [
        "@microsoft/fast-element",
        "@microsoft/fast-web-utilities",
        "tabbable",
        "tslib@1.14.1"
      ]
    },
    "@microsoft/fast-web-utilities@5.4.1": {
      "integrity": "sha512-ReWYncndjV3c8D8iq9tp7NcFNc1vbVHvcBFPME2nNFKNbS1XCesYZGlIlf3ot5EmuOXPlrzUHOWzQ2vFpIkqDg==",
      "dependencies": [
        "exenv-es6"
      ]
    },
    "@ngrok/ngrok-android-arm-eabi@1.2.0": {
      "integrity": "sha512-eGSZ443VQDfLLCef7E2GDX8oRYp+Fahr7nGeNY7nHu6bMEiYA92VpFOlpO9iF6HsyK/94NJiN3CbLJ7aMUHmJA=="
    },
    "@ngrok/ngrok-android-arm64@1.2.0": {
      "integrity": "sha512-nwGcgK4OkFKNxEVu4Q4R8LR15OUvfESJIQ3gS5frMwa0r/FdHKNc5rmUfGSFhGGg+4ttiTzlEKMHW2tEp12FYQ=="
    },
    "@ngrok/ngrok-darwin-arm64@1.2.0": {
      "integrity": "sha512-Df0U42wYty4UnYB9Bm+bo3akIVe0lOX/ejDSCrPABK0Cf65184ZcqUu9kBabXQRag5rTq4uG7TzCGhaMXV44RQ=="
    },
    "@ngrok/ngrok-darwin-universal@1.2.0": {
      "integrity": "sha512-z5srpqZjQKomLBsY/b2Oc44V4BqIqE7Tn3YdsN3ucZg4yH9aFTHLiD2Ioubb/8u48mRvwsT9FqFTGlswWA8dew=="
    },
    "@ngrok/ngrok-darwin-x64@1.2.0": {
      "integrity": "sha512-EkH2qFoXyaZkLn2Nw5NvK1F6T3332xzTVXeJMF/oLme2K567rRHmFUfN9mUORm1snHO+Ct/uW9Tciz6+hlyTLg=="
    },
    "@ngrok/ngrok-freebsd-x64@1.2.0": {
      "integrity": "sha512-mwD1QBKsWV7J8IGYCsLvPvk6yoMpwlNsCt7d/nkrw2AQvx0UJgZw+q3YW93Ii7r392DtvmzDDO3jxlx/Gl0mXQ=="
    },
    "@ngrok/ngrok-linux-arm-gnueabihf@1.2.0": {
      "integrity": "sha512-yvDEgCSL/EAAHV5EuAjULKZ8/P/i5UCN31oyp8x3hPIpTl2Lq9GfPfoAIvpM8segsbkXwlFPIA7FjMbNweQa2A=="
    },
    "@ngrok/ngrok-linux-arm64-gnu@1.2.0": {
      "integrity": "sha512-fEVMO7OiLTHWRDBSCvXtLhZ8C9l9aCUBduYXqCtIRx0unczEX7/jpAAD0rq32eioNfywj30s0RZRusYdrPbDTQ=="
    },
    "@ngrok/ngrok-linux-arm64-musl@1.2.0": {
      "integrity": "sha512-3P6YRcID3A8J+uOEf6JIUFbEnaS4SM2dDxqYgjkoo5Qjjn/V3tZdMpbGzs/R6ly9eZ8vPQNI6A4mtHGmfHjaTA=="
    },
    "@ngrok/ngrok-linux-x64-gnu@1.2.0": {
      "integrity": "sha512-geiZ4rTzTySIbLyxEkIV7aPdJ2hr3cKIGv1nN7uFzJPHPwxwRYLctyXHOrjbNLaKUcoEzuyqHVhu2/qUL9FZDg=="
    },
    "@ngrok/ngrok-linux-x64-musl@1.2.0": {
      "integrity": "sha512-s4nfAUuCM2X4T+Z9RWzD3NbhEnzeTrpsQq51RNQ9JEjN6guab3FdT/Bn9nXkULJdZOPvqguHg878KmTwi8t3mA=="
    },
    "@ngrok/ngrok-win32-ia32-msvc@1.2.0": {
      "integrity": "sha512-R4ovlTz22AuP7trn8CnzXqDrxFuStpx2657AMDSop/3yhS1hCxTqycRSQwXqhJisV5midaJY/e7YwNBmYnbUIA=="
    },
    "@ngrok/ngrok-win32-x64-msvc@1.2.0": {
      "integrity": "sha512-A5sIaZ3pXLWZO5ft0o4oyNWg6itCAaZ4Mln8Y/sMsx4AjAcaHqBod1J2We2jt5Et52sr5JRaDwBokz84ZUNi6A=="
    },
    "@ngrok/ngrok@1.2.0": {
      "integrity": "sha512-KOM7lHTKzsQ8IQewgigOGynJKHQRt3z0lHyEgK63H2wq9tI47tWlxWYmrQoqWLcvPgP2JA24nXWeMf/ZE2BaZg==",
      "dependencies": [
        "@ngrok/ngrok-android-arm-eabi",
        "@ngrok/ngrok-android-arm64",
        "@ngrok/ngrok-darwin-arm64",
        "@ngrok/ngrok-darwin-universal",
        "@ngrok/ngrok-darwin-x64",
        "@ngrok/ngrok-freebsd-x64",
        "@ngrok/ngrok-linux-arm-gnueabihf",
        "@ngrok/ngrok-linux-arm64-gnu",
        "@ngrok/ngrok-linux-arm64-musl",
        "@ngrok/ngrok-linux-x64-gnu",
        "@ngrok/ngrok-linux-x64-musl",
        "@ngrok/ngrok-win32-ia32-msvc",
        "@ngrok/ngrok-win32-x64-msvc"
      ]
    },
    "@types/trusted-types@2.0.7": {
      "integrity": "sha512-ScaPdn1dQczgbl0QFTeTOmVHFULt394XJgOQNoyVhZ6r2vLnMLJfBPd53SB52T/3G36VI1/g2MZaX0cwDuXsfw=="
    },
    "esbuild@0.21.3": {
      "integrity": "sha512-Kgq0/ZsAPzKrbOjCQcjoSmPoWhlcVnGAUo7jvaLHoxW1Drto0KGkR1xBNg2Cp43b9ImvxmPEJZ9xkfcnqPsfBw==",
      "dependencies": [
        "@esbuild/aix-ppc64",
        "@esbuild/android-arm",
        "@esbuild/android-arm64",
        "@esbuild/android-x64",
        "@esbuild/darwin-arm64",
        "@esbuild/darwin-x64",
        "@esbuild/freebsd-arm64",
        "@esbuild/freebsd-x64",
        "@esbuild/linux-arm",
        "@esbuild/linux-arm64",
        "@esbuild/linux-ia32",
        "@esbuild/linux-loong64",
        "@esbuild/linux-mips64el",
        "@esbuild/linux-ppc64",
        "@esbuild/linux-riscv64",
        "@esbuild/linux-s390x",
        "@esbuild/linux-x64",
        "@esbuild/netbsd-x64",
        "@esbuild/openbsd-x64",
        "@esbuild/sunos-x64",
        "@esbuild/win32-arm64",
        "@esbuild/win32-ia32",
        "@esbuild/win32-x64"
      ]
    },
    "exenv-es6@1.1.1": {
      "integrity": "sha512-vlVu3N8d6yEMpMsEm+7sUBAI81aqYYuEvfK0jNqmdb/OPXzzH7QWDDnVjMvDSY47JdHEqx/dfC/q8WkfoTmpGQ=="
    },
    "lit-element@4.0.5": {
      "integrity": "sha512-iTWskWZEtn9SyEf4aBG6rKT8GABZMrTWop1+jopsEOgEcugcXJGKuX5bEbkq9qfzY+XB4MAgCaSPwnNpdsNQ3Q==",
      "dependencies": [
        "@lit-labs/ssr-dom-shim",
        "@lit/reactive-element",
        "lit-html"
      ]
    },
    "lit-html@3.1.3": {
      "integrity": "sha512-FwIbqDD8O/8lM4vUZ4KvQZjPPNx7V1VhT7vmRB8RBAO0AU6wuTVdoXiu2CivVjEGdugvcbPNBLtPE1y0ifplHA==",
      "dependencies": [
        "@types/trusted-types"
      ]
    },
    "lit@3.1.3": {
      "integrity": "sha512-l4slfspEsnCcHVRTvaP7YnkTZEZggNFywLEIhQaGhYDczG+tu/vlgm/KaWIEjIp+ZyV20r2JnZctMb8LeLCG7Q==",
      "dependencies": [
        "@lit/reactive-element",
        "lit-element",
        "lit-html"
      ]
    },
    "tabbable@5.3.3": {
      "integrity": "sha512-QD9qKY3StfbZqWOPLp0++pOrAVb/HbUi5xCc8cUo4XjP19808oaMiDzn0leBY5mCespIBM0CIZePzZjgzR83kA=="
    },
    "tslib@1.14.1": {
      "integrity": "sha512-Xni35NKzjgMrwevysHTCArtLDpPvye8zV/0E4EyYn43P7/7qvQwPh9BGkHewbMulVntbigmcT7rdX3BNo9wRJg=="
    },
    "tslib@2.6.2": {
      "integrity": "sha512-AEYxH93jGFPn/a2iVAwW87VuUIkR1FVUKB77NwMF7nBTDkDrrT/Hpt/IrCJ0QXhW27jTBDcf5ZY7w6RiqTMw2Q=="
    }
  },
  "workspace": {
    "dependencies": [
      "jsr:@luca/esbuild-deno-loader@~0.10.3",
      "jsr:@std/http@0.224",
      "npm:@fluentui/web-components@^2.6.1",
      "npm:@ngrok/ngrok@^1.2.0",
      "npm:esbuild@~0.21.3",
      "npm:lit@^3.1.3"
    ]
  }
}
