{
  "version": "5",
  "specifiers": {
    "jsr:@luca/esbuild-deno-loader@~0.10.3": "0.10.3",
    "jsr:@std/assert@~0.213.1": "0.213.1",
    "jsr:@std/async@^1.0.0-rc.1": "1.0.15",
    "jsr:@std/cli@~0.224.7": "0.224.7",
    "jsr:@std/encoding@0.213": "0.213.1",
    "jsr:@std/encoding@1.0.0-rc.2": "1.0.0-rc.2",
    "jsr:@std/fmt@~0.225.4": "0.225.6",
    "jsr:@std/http@0.224": "0.224.5",
    "jsr:@std/json@~0.213.1": "0.213.1",
    "jsr:@std/jsonc@0.213": "0.213.1",
    "jsr:@std/media-types@^1.0.0-rc.1": "1.1.0",
    "jsr:@std/net@~0.224.3": "0.224.5",
    "jsr:@std/path@0.213": "0.213.1",
    "jsr:@std/path@1.0.0-rc.2": "1.0.0-rc.2",
    "jsr:@std/streams@~0.224.5": "0.224.5",
    "npm:@fluentui/web-components@^2.6.1": "2.6.1",
    "npm:@ngrok/ngrok@^1.2.0": "1.5.2",
    "npm:esbuild@~0.21.3": "0.21.5",
    "npm:lit@^3.1.3": "3.3.1"
  },
  "jsr": {
    "@luca/esbuild-deno-loader@0.10.3": {
      "integrity": "32fc93f7e7f78060234fd5929a740668aab1c742b808c6048b57f9aaea514921",
      "dependencies": [
        "jsr:@std/encoding@0.213",
        "jsr:@std/jsonc",
        "jsr:@std/path@0.213"
      ]
    },
    "@std/assert@0.213.1": {
      "integrity": "24c28178b30c8e0782c18e8e94ea72b16282207569cdd10ffb9d1d26f2edebfe"
    },
    "@std/async@1.0.15": {
      "integrity": "55d1d9d04f99403fe5730ab16bdcc3c47f658a6bf054cafb38a50f046238116e"
    },
    "@std/cli@0.224.7": {
      "integrity": "654ca6477518e5e3a0d3fabafb2789e92b8c0febf1a1d24ba4b567aba94b5977"
    },
    "@std/encoding@0.213.1": {
      "integrity": "fcbb6928713dde941a18ca5db88ca1544d0755ec8fb20fe61e2dc8144b390c62"
    },
    "@std/encoding@1.0.0-rc.2": {
      "integrity": "160d7674a20ebfbccdf610b3801fee91cf6e42d1c106dd46bbaf46e395cd35ef"
    },
    "@std/fmt@0.225.6": {
      "integrity": "aba6aea27f66813cecfd9484e074a9e9845782ab0685c030e453a8a70b37afc8"
    },
    "@std/http@0.224.5": {
      "integrity": "b03b5d1529f6c423badfb82f6640f9f2557b4034cd7c30655ba5bb447ff750a4",
      "dependencies": [
        "jsr:@std/async",
        "jsr:@std/cli",
        "jsr:@std/encoding@1.0.0-rc.2",
        "jsr:@std/fmt",
        "jsr:@std/media-types",
        "jsr:@std/net",
        "jsr:@std/path@1.0.0-rc.2",
        "jsr:@std/streams"
      ]
    },
    "@std/json@0.213.1": {
      "integrity": "f572b1de605d07c4a5602445dac54bfc51b1fb87a3710a17aed2608bfca54e68"
    },
    "@std/jsonc@0.213.1": {
      "integrity": "5578f21aa583b7eb7317eed077ffcde47b294f1056bdbb9aacec407758637bfe",
      "dependencies": [
        "jsr:@std/assert",
        "jsr:@std/json"
      ]
    },
    "@std/media-types@1.1.0": {
      "integrity": "c9d093f0c05c3512932b330e3cc1fe1d627b301db33a4c2c2185c02471d6eaa4"
    },
    "@std/net@0.224.5": {
      "integrity": "9c2ae90a5c3dc7771da5ae5e13b6f7d5d0b316c1954c5d53f2bfc1129fb757ff"
    },
    "@std/path@0.213.1": {
      "integrity": "f187bf278a172752e02fcbacf6bd78a335ed320d080a7ed3a5a59c3e88abc673",
      "dependencies": [
        "jsr:@std/assert"
      ]
    },
    "@std/path@1.0.0-rc.2": {
      "integrity": "39f20d37a44d1867abac8d91c169359ea6e942237a45a99ee1e091b32b921c7d"
    },
    "@std/streams@0.224.5": {
      "integrity": "bcde7818dd5460d474cdbd674b15f6638b9cd73cd64e52bd852fba2bd4d8ec91"
    }
  },
  "npm": {
    "@esbuild/aix-ppc64@0.21.5": {
      "integrity": "sha512-1SDgH6ZSPTlggy1yI6+Dbkiz8xzpHJEVAlF/AM1tHPLsf5STom9rwtjE4hKAF20FfXXNTFqEYXyJNWh1GiZedQ==",
      "os": ["aix"],
      "cpu": ["ppc64"]
    },
    "@esbuild/android-arm64@0.21.5": {
      "integrity": "sha512-c0uX9VAUBQ7dTDCjq+wdyGLowMdtR/GoC2U5IYk/7D1H1JYC0qseD7+11iMP2mRLN9RcCMRcjC4YMclCzGwS/A==",
      "os": ["android"],
      "cpu": ["arm64"]
    },
    "@esbuild/android-arm@0.21.5": {
      "integrity": "sha512-vCPvzSjpPHEi1siZdlvAlsPxXl7WbOVUBBAowWug4rJHb68Ox8KualB+1ocNvT5fjv6wpkX6o/iEpbDrf68zcg==",
      "os": ["android"],
      "cpu": ["arm"]
    },
    "@esbuild/android-x64@0.21.5": {
      "integrity": "sha512-D7aPRUUNHRBwHxzxRvp856rjUHRFW1SdQATKXH2hqA0kAZb1hKmi02OpYRacl0TxIGz/ZmXWlbZgjwWYaCakTA==",
      "os": ["android"],
      "cpu": ["x64"]
    },
    "@esbuild/darwin-arm64@0.21.5": {
      "integrity": "sha512-DwqXqZyuk5AiWWf3UfLiRDJ5EDd49zg6O9wclZ7kUMv2WRFr4HKjXp/5t8JZ11QbQfUS6/cRCKGwYhtNAY88kQ==",
      "os": ["darwin"],
      "cpu": ["arm64"]
    },
    "@esbuild/darwin-x64@0.21.5": {
      "integrity": "sha512-se/JjF8NlmKVG4kNIuyWMV/22ZaerB+qaSi5MdrXtd6R08kvs2qCN4C09miupktDitvh8jRFflwGFBQcxZRjbw==",
      "os": ["darwin"],
      "cpu": ["x64"]
    },
    "@esbuild/freebsd-arm64@0.21.5": {
      "integrity": "sha512-5JcRxxRDUJLX8JXp/wcBCy3pENnCgBR9bN6JsY4OmhfUtIHe3ZW0mawA7+RDAcMLrMIZaf03NlQiX9DGyB8h4g==",
      "os": ["freebsd"],
      "cpu": ["arm64"]
    },
    "@esbuild/freebsd-x64@0.21.5": {
      "integrity": "sha512-J95kNBj1zkbMXtHVH29bBriQygMXqoVQOQYA+ISs0/2l3T9/kj42ow2mpqerRBxDJnmkUDCaQT/dfNXWX/ZZCQ==",
      "os": ["freebsd"],
      "cpu": ["x64"]
    },
    "@esbuild/linux-arm64@0.21.5": {
      "integrity": "sha512-ibKvmyYzKsBeX8d8I7MH/TMfWDXBF3db4qM6sy+7re0YXya+K1cem3on9XgdT2EQGMu4hQyZhan7TeQ8XkGp4Q==",
      "os": ["linux"],
      "cpu": ["arm64"]
    },
    "@esbuild/linux-arm@0.21.5": {
      "integrity": "sha512-bPb5AHZtbeNGjCKVZ9UGqGwo8EUu4cLq68E95A53KlxAPRmUyYv2D6F0uUI65XisGOL1hBP5mTronbgo+0bFcA==",
      "os": ["linux"],
      "cpu": ["arm"]
    },
    "@esbuild/linux-ia32@0.21.5": {
      "integrity": "sha512-YvjXDqLRqPDl2dvRODYmmhz4rPeVKYvppfGYKSNGdyZkA01046pLWyRKKI3ax8fbJoK5QbxblURkwK/MWY18Tg==",
      "os": ["linux"],
      "cpu": ["ia32"]
    },
    "@esbuild/linux-loong64@0.21.5": {
      "integrity": "sha512-uHf1BmMG8qEvzdrzAqg2SIG/02+4/DHB6a9Kbya0XDvwDEKCoC8ZRWI5JJvNdUjtciBGFQ5PuBlpEOXQj+JQSg==",
      "os": ["linux"],
      "cpu": ["loong64"]
    },
    "@esbuild/linux-mips64el@0.21.5": {
      "integrity": "sha512-IajOmO+KJK23bj52dFSNCMsz1QP1DqM6cwLUv3W1QwyxkyIWecfafnI555fvSGqEKwjMXVLokcV5ygHW5b3Jbg==",
      "os": ["linux"],
      "cpu": ["mips64el"]
    },
    "@esbuild/linux-ppc64@0.21.5": {
      "integrity": "sha512-1hHV/Z4OEfMwpLO8rp7CvlhBDnjsC3CttJXIhBi+5Aj5r+MBvy4egg7wCbe//hSsT+RvDAG7s81tAvpL2XAE4w==",
      "os": ["linux"],
      "cpu": ["ppc64"]
    },
    "@esbuild/linux-riscv64@0.21.5": {
      "integrity": "sha512-2HdXDMd9GMgTGrPWnJzP2ALSokE/0O5HhTUvWIbD3YdjME8JwvSCnNGBnTThKGEB91OZhzrJ4qIIxk/SBmyDDA==",
      "os": ["linux"],
      "cpu": ["riscv64"]
    },
    "@esbuild/linux-s390x@0.21.5": {
      "integrity": "sha512-zus5sxzqBJD3eXxwvjN1yQkRepANgxE9lgOW2qLnmr8ikMTphkjgXu1HR01K4FJg8h1kEEDAqDcZQtbrRnB41A==",
      "os": ["linux"],
      "cpu": ["s390x"]
    },
    "@esbuild/linux-x64@0.21.5": {
      "integrity": "sha512-1rYdTpyv03iycF1+BhzrzQJCdOuAOtaqHTWJZCWvijKD2N5Xu0TtVC8/+1faWqcP9iBCWOmjmhoH94dH82BxPQ==",
      "os": ["linux"],
      "cpu": ["x64"]
    },
    "@esbuild/netbsd-x64@0.21.5": {
      "integrity": "sha512-Woi2MXzXjMULccIwMnLciyZH4nCIMpWQAs049KEeMvOcNADVxo0UBIQPfSmxB3CWKedngg7sWZdLvLczpe0tLg==",
      "os": ["netbsd"],
      "cpu": ["x64"]
    },
    "@esbuild/openbsd-x64@0.21.5": {
      "integrity": "sha512-HLNNw99xsvx12lFBUwoT8EVCsSvRNDVxNpjZ7bPn947b8gJPzeHWyNVhFsaerc0n3TsbOINvRP2byTZ5LKezow==",
      "os": ["openbsd"],
      "cpu": ["x64"]
    },
    "@esbuild/sunos-x64@0.21.5": {
      "integrity": "sha512-6+gjmFpfy0BHU5Tpptkuh8+uw3mnrvgs+dSPQXQOv3ekbordwnzTVEb4qnIvQcYXq6gzkyTnoZ9dZG+D4garKg==",
      "os": ["sunos"],
      "cpu": ["x64"]
    },
    "@esbuild/win32-arm64@0.21.5": {
      "integrity": "sha512-Z0gOTd75VvXqyq7nsl93zwahcTROgqvuAcYDUr+vOv8uHhNSKROyU961kgtCD1e95IqPKSQKH7tBTslnS3tA8A==",
      "os": ["win32"],
      "cpu": ["arm64"]
    },
    "@esbuild/win32-ia32@0.21.5": {
      "integrity": "sha512-SWXFF1CL2RVNMaVs+BBClwtfZSvDgtL//G/smwAc5oVK/UPu2Gu9tIaRgFmYFFKrmg3SyAjSrElf0TiJ1v8fYA==",
      "os": ["win32"],
      "cpu": ["ia32"]
    },
    "@esbuild/win32-x64@0.21.5": {
      "integrity": "sha512-tQd/1efJuzPC6rCFwEvLtci/xNFcTZknmXs98FYDfGE4wP9ClFV98nyKrzJKVPMhdDnjzLhdUyMX4PsQAPjwIw==",
      "os": ["win32"],
      "cpu": ["x64"]
    },
    "@fluentui/web-components@2.6.1": {
      "integrity": "sha512-coyV+QZBVqcrJbncR2iyL0ZMXGFRJmP+JYUlewkYBt8bgmTMIwKBdUX0cN9S6KUp8JHoC2OSRqL8MYgT3T+YLQ==",
      "dependencies": [
        "@microsoft/fast-colors",
        "@microsoft/fast-element",
        "@microsoft/fast-foundation",
        "@microsoft/fast-web-utilities",
        "tslib@2.8.1"
      ]
    },
    "@lit-labs/ssr-dom-shim@1.4.0": {
      "integrity": "sha512-ficsEARKnmmW5njugNYKipTm4SFnbik7CXtoencDZzmzo/dQ+2Q0bgkzJuoJP20Aj0F+izzJjOqsnkd6F/o1bw=="
    },
    "@lit/reactive-element@2.1.1": {
      "integrity": "sha512-N+dm5PAYdQ8e6UlywyyrgI2t++wFGXfHx+dSJ1oBrg6FAxUj40jId++EaRm80MKX5JnlH1sBsyZ5h0bcZKemCg==",
      "dependencies": [
        "@lit-labs/ssr-dom-shim"
      ]
    },
    "@microsoft/fast-colors@5.3.1": {
      "integrity": "sha512-72RZXVfCbwQzvo5sXXkuLXLT7rMeYaSf5r/6ewQiv/trBtqpWRm4DEH2EilHw/iWTBKOXs1qZNQndgUMa5n4LA=="
    },
    "@microsoft/fast-element@1.14.0": {
      "integrity": "sha512-zXvuSOzvsu8zDTy9eby8ix8VqLop2rwKRgp++ZN2kTCsoB3+QJVoaGD2T/Cyso2ViZQFXNpiNCVKfnmxBvmWkQ=="
    },
    "@microsoft/fast-foundation@2.50.0": {
      "integrity": "sha512-8mFYG88Xea1jZf2TI9Lm/jzZ6RWR8x29r24mGuLojNYqIR2Bl8+hnswoV6laApKdCbGMPKnsAL/O68Q0sRxeVg==",
      "dependencies": [
        "@microsoft/fast-element",
        "@microsoft/fast-web-utilities",
        "tabbable",
        "tslib@1.14.1"
      ]
    },
    "@microsoft/fast-web-utilities@5.4.1": {
      "integrity": "sha512-ReWYncndjV3c8D8iq9tp7NcFNc1vbVHvcBFPME2nNFKNbS1XCesYZGlIlf3ot5EmuOXPlrzUHOWzQ2vFpIkqDg==",
      "dependencies": [
        "exenv-es6"
      ]
    },
    "@ngrok/ngrok-android-arm64@1.5.2": {
      "integrity": "sha512-v81VbxxAgg2W7jbjhEcn8K9R2aUf0h1AuTx+8tDlw3L4H1YEmbmllIpBAGgMjHRBxLZKOo5GBi0k7oS+VRM5TA==",
      "os": ["android"],
      "cpu": ["arm64"]
    },
    "@ngrok/ngrok-darwin-arm64@1.5.2": {
      "integrity": "sha512-8CVzS9AveYpNhWbydm7cJ6XqmVg29/VRKF15l4kJ2djlNoJxuGSibgM9A627dWRdnJyj5uhmU3VzsgeU8t+/3g==",
      "os": ["darwin"],
      "cpu": ["arm64"]
    },
    "@ngrok/ngrok-darwin-universal@1.5.2": {
      "integrity": "sha512-mEMH1OxN6RxnqRSWb4xY9RqbtdlCpv+WlRKxq4lVy8JVsxEyFNnzVQ0jn+iuiy981jCXjokctzJeGMvECuSQBQ==",
      "os": ["darwin"]
    },
    "@ngrok/ngrok-darwin-x64@1.5.2": {
      "integrity": "sha512-rGdcADw4NtMSU7SHUTly7uvMVYX6eMeMCppKyL5g3CSlEQntKf3AWs/89ah2TBWJA2WVl0UgGLkXp4xs1tg9eQ==",
      "os": ["darwin"],
      "cpu": ["x64"]
    },
    "@ngrok/ngrok-freebsd-x64@1.5.2": {
      "integrity": "sha512-WgY54qUekaUGa5+lFvzYUMjlzf22IEXuZHhxnzJM2/gMqa7gjU8N5W4U8XNDjVW/oz6DekrzIjuoAEPO+2icDg==",
      "os": ["freebsd"],
      "cpu": ["x64"]
    },
    "@ngrok/ngrok-linux-arm-gnueabihf@1.5.2": {
      "integrity": "sha512-azMxr/TGEeFU4JAUbSu5MO2aZEvdq+TzcxiLw6d+yhdEtNAjDW9TOyCczTrIZPOG5fP8G3lcCd8TP7mVIWdOnw==",
      "os": ["linux"],
      "cpu": ["arm"]
    },
    "@ngrok/ngrok-linux-arm64-gnu@1.5.2": {
      "integrity": "sha512-79eFCxio4rM0ICRBXx/CVvbXDeWk1Jxr7szkezEYWtHaL+gXivrtS1QjtMnJpGY1GJlLTQL+49w2lGydqPOJQA==",
      "os": ["linux"],
      "cpu": ["arm64"]
    },
    "@ngrok/ngrok-linux-arm64-musl@1.5.2": {
      "integrity": "sha512-ou9Z7iPQJIQ0RX5bdBhb3y7GwYRt+X0G9tenyRzKLXXvs0XfUUcg/23aBP61hmdRvBq7xpliV1PnvEVBgUIYMg==",
      "os": ["linux"],
      "cpu": ["arm64"]
    },
    "@ngrok/ngrok-linux-x64-gnu@1.5.2": {
      "integrity": "sha512-VI1mmtl3Ie5uXTVAR9thPiMNMsCWeqkjBUbHAyk2vZ2OXR4Vs2DGjOPXK+wTl/hjF29FXoxunjhMy6caF9ht0Q==",
      "os": ["linux"],
      "cpu": ["x64"]
    },
    "@ngrok/ngrok-linux-x64-musl@1.5.2": {
      "integrity": "sha512-F4j9EyC/0R3IgYSd+OER4bC8bxuBubvj33e24GvQnRF/IQaKhpybkvQbz54fnvsL7y0j2BB42NAIm2CFtk7tCw==",
      "os": ["linux"],
      "cpu": ["x64"]
    },
    "@ngrok/ngrok-win32-arm64-msvc@1.5.2": {
      "integrity": "sha512-0OMXNjWElM1MQX7lMBnpRtafS9+3ybauqGD4m2dZcIm6hFvexsJFwNgx0mCa5aKxe2mQ4zNarEUd+SqG2Aa4/g==",
      "os": ["win32"],
      "cpu": ["arm64"]
    },
    "@ngrok/ngrok-win32-ia32-msvc@1.5.2": {
      "integrity": "sha512-hdvhnr7Br4XhUblpW67v5XP6FyoQwJ2xSbwas4KW4hZ3F4cw0m6sqXpssRfmqg3/5HJony1H5B2jLi0x4J7uOw==",
      "os": ["win32"],
      "cpu": ["ia32"]
    },
    "@ngrok/ngrok-win32-x64-msvc@1.5.2": {
      "integrity": "sha512-aHuMiRti9Taow9DlYLGVmu9CXtXD/v4CBQWpZlmt7VGuK1KsTWWLaGIBFVp6UXnyW87b0A+KC69Kn/Xjylw+sg==",
      "os": ["win32"],
      "cpu": ["x64"]
    },
    "@ngrok/ngrok@1.5.2": {
      "integrity": "sha512-gN7KKdLTKer+wBSk9s9eDx53MUFdcnXNHsXxiC5sJLLD5HY9JRMSn6UzcCqnk7IgeIgCgw5h1k6YDqhjx6lmtg==",
      "optionalDependencies": [
        "@ngrok/ngrok-android-arm64",
        "@ngrok/ngrok-darwin-arm64",
        "@ngrok/ngrok-darwin-universal",
        "@ngrok/ngrok-darwin-x64",
        "@ngrok/ngrok-freebsd-x64",
        "@ngrok/ngrok-linux-arm-gnueabihf",
        "@ngrok/ngrok-linux-arm64-gnu",
        "@ngrok/ngrok-linux-arm64-musl",
        "@ngrok/ngrok-linux-x64-gnu",
        "@ngrok/ngrok-linux-x64-musl",
        "@ngrok/ngrok-win32-arm64-msvc",
        "@ngrok/ngrok-win32-ia32-msvc",
        "@ngrok/ngrok-win32-x64-msvc"
      ]
    },
    "@types/trusted-types@2.0.7": {
      "integrity": "sha512-ScaPdn1dQczgbl0QFTeTOmVHFULt394XJgOQNoyVhZ6r2vLnMLJfBPd53SB52T/3G36VI1/g2MZaX0cwDuXsfw=="
    },
    "esbuild@0.21.5": {
      "integrity": "sha512-mg3OPMV4hXywwpoDxu3Qda5xCKQi+vCTZq8S9J/EpkhB2HzKXq4SNFZE3+NK93JYxc8VMSep+lOUSC/RVKaBqw==",
      "optionalDependencies": [
        "@esbuild/aix-ppc64",
        "@esbuild/android-arm",
        "@esbuild/android-arm64",
        "@esbuild/android-x64",
        "@esbuild/darwin-arm64",
        "@esbuild/darwin-x64",
        "@esbuild/freebsd-arm64",
        "@esbuild/freebsd-x64",
        "@esbuild/linux-arm",
        "@esbuild/linux-arm64",
        "@esbuild/linux-ia32",
        "@esbuild/linux-loong64",
        "@esbuild/linux-mips64el",
        "@esbuild/linux-ppc64",
        "@esbuild/linux-riscv64",
        "@esbuild/linux-s390x",
        "@esbuild/linux-x64",
        "@esbuild/netbsd-x64",
        "@esbuild/openbsd-x64",
        "@esbuild/sunos-x64",
        "@esbuild/win32-arm64",
        "@esbuild/win32-ia32",
        "@esbuild/win32-x64"
      ],
      "scripts": true,
      "bin": true
    },
    "exenv-es6@1.1.1": {
      "integrity": "sha512-vlVu3N8d6yEMpMsEm+7sUBAI81aqYYuEvfK0jNqmdb/OPXzzH7QWDDnVjMvDSY47JdHEqx/dfC/q8WkfoTmpGQ=="
    },
    "lit-element@4.2.1": {
      "integrity": "sha512-WGAWRGzirAgyphK2urmYOV72tlvnxw7YfyLDgQ+OZnM9vQQBQnumQ7jUJe6unEzwGU3ahFOjuz1iz1jjrpCPuw==",
      "dependencies": [
        "@lit-labs/ssr-dom-shim",
        "@lit/reactive-element",
        "lit-html"
      ]
    },
    "lit-html@3.3.1": {
      "integrity": "sha512-S9hbyDu/vs1qNrithiNyeyv64c9yqiW9l+DBgI18fL+MTvOtWoFR0FWiyq1TxaYef5wNlpEmzlXoBlZEO+WjoA==",
      "dependencies": [
        "@types/trusted-types"
      ]
    },
    "lit@3.3.1": {
      "integrity": "sha512-Ksr/8L3PTapbdXJCk+EJVB78jDodUMaP54gD24W186zGRARvwrsPfS60wae/SSCTCNZVPd1chXqio1qHQmu4NA==",
      "dependencies": [
        "@lit/reactive-element",
        "lit-element",
        "lit-html"
      ]
    },
    "tabbable@5.3.3": {
      "integrity": "sha512-QD9qKY3StfbZqWOPLp0++pOrAVb/HbUi5xCc8cUo4XjP19808oaMiDzn0leBY5mCespIBM0CIZePzZjgzR83kA=="
    },
    "tslib@1.14.1": {
      "integrity": "sha512-Xni35NKzjgMrwevysHTCArtLDpPvye8zV/0E4EyYn43P7/7qvQwPh9BGkHewbMulVntbigmcT7rdX3BNo9wRJg=="
    },
    "tslib@2.8.1": {
      "integrity": "sha512-oJFu94HQb+KVduSUQL7wnpmqnfmLsOA/nAh6b6EH0wCEoK0/mPeXU6c3wKDV83MkOuHPRHtSXKKU99IBazS/2w=="
    }
  },
  "workspace": {
    "dependencies": [
      "jsr:@luca/esbuild-deno-loader@~0.10.3",
      "jsr:@std/http@0.224",
      "npm:@fluentui/web-components@^2.6.1",
      "npm:@ngrok/ngrok@^1.2.0",
      "npm:esbuild@~0.21.3",
      "npm:lit@^3.1.3"
    ]
  }
}
